
Microsoft Visual Studio Solution File, Format Version 12.00
# Visual Studio Version 17
VisualStudioVersion = 17.0.31912.275
MinimumVisualStudioVersion = 10.0.40219.1
Project("{FAE04EC0-301F-11D3-BF4B-00C04F79EFBC}") = "ExternalMaster", "ExternalMaster\ExternalMaster.csproj", "{49ECBDFA-C20F-45B3-B811-7D81A3AC884F}"
EndProject
Global
	GlobalSection(SolutionConfigurationPlatforms) = preSolution
		Debug|Any CPU = Debug|Any CPU
		Release|Any CPU = Release|Any CPU
	EndGlobalSection
	GlobalSection(ProjectConfigurationPlatforms) = postSolution
		{49ECBDFA-C20F-45B3-B811-7D81A3AC884F}.Debug|Any CPU.ActiveCfg = Debug|Any CPU
		{49ECBDFA-C20F-45B3-B811-7D81A3AC884F}.Debug|Any CPU.Build.0 = Debug|Any CPU
		{49ECBDFA-C20F-45B3-B811-7D81A3AC884F}.Release|Any CPU.ActiveCfg = Release|Any CPU
		{49ECBDFA-C20F-45B3-B811-7D81A3AC884F}.Release|Any CPU.Build.0 = Release|Any CPU
	EndGlobalSection
	GlobalSection(SolutionProperties) = preSolution
		HideSolutionNode = FALSE
	EndGlobalSection
	GlobalSection(ExtensibilityGlobals) = postSolution
		SolutionGuid = {BBB65E17-1854-4B00-BB2D-7A3629138C84}
	EndGlobalSection
EndGlobal
